// !$*UTF8*$!
{
	archiveVersion = 1;
	classes = {
	};
	objectVersion = 50;
	objects = {

/* Begin PBXBuildFile section */
		555140AC267A827000B06605 /* MoonshootVers_2App.swift in Sources */ = {isa = PBXBuildFile; fileRef = 555140AB267A827000B06605 /* MoonshootVers_2App.swift */; };
		555140AE267A827000B06605 /* ContentView.swift in Sources */ = {isa = PBXBuildFile; fileRef = 555140AD267A827000B06605 /* ContentView.swift */; };
		555140B0267A827400B06605 /* Assets.xcassets in Resources */ = {isa = PBXBuildFile; fileRef = 555140AF267A827400B06605 /* Assets.xcassets */; };
		555140B3267A827400B06605 /* Preview Assets.xcassets in Resources */ = {isa = PBXBuildFile; fileRef = 555140B2267A827400B06605 /* Preview Assets.xcassets */; };
		555140BC267A82B200B06605 /* astronauts.json in Resources */ = {isa = PBXBuildFile; fileRef = 555140BB267A82B200B06605 /* astronauts.json */; };
		555140BF267A82CB00B06605 /* missions.json in Resources */ = {isa = PBXBuildFile; fileRef = 555140BE267A82CB00B06605 /* missions.json */; };
		555140C2267A82DF00B06605 /* Astronauts.swift in Sources */ = {isa = PBXBuildFile; fileRef = 555140C1267A82DF00B06605 /* Astronauts.swift */; };
		555140C5267A82FE00B06605 /* Bundle-Decodable.swift in Sources */ = {isa = PBXBuildFile; fileRef = 555140C4267A82FE00B06605 /* Bundle-Decodable.swift */; };
		555140C8267A836700B06605 /* Mission.swift in Sources */ = {isa = PBXBuildFile; fileRef = 555140C7267A836700B06605 /* Mission.swift */; };
		555140CB267BBA5600B06605 /* MissionView.swift in Sources */ = {isa = PBXBuildFile; fileRef = 555140CA267BBA5600B06605 /* MissionView.swift */; };
		555140CE267BC7A400B06605 /* AstronautsView.swift in Sources */ = {isa = PBXBuildFile; fileRef = 555140CD267BC7A400B06605 /* AstronautsView.swift */; };
		555140D1267DEC6F00B06605 /* Missions.swift in Sources */ = {isa = PBXBuildFile; fileRef = 555140D0267DEC6F00B06605 /* Missions.swift */; };
		555140D4267DED6C00B06605 /* Astronaut.swift in Sources */ = {isa = PBXBuildFile; fileRef = 555140D3267DED6C00B06605 /* Astronaut.swift */; };
/* End PBXBuildFile section */

/* Begin PBXFileReference section */
		555140A8267A827000B06605 /* MoonshootVers.2.app */ = {isa = PBXFileReference; explicitFileType = wrapper.application; includeInIndex = 0; path = MoonshootVers.2.app; sourceTree = BUILT_PRODUCTS_DIR; };
		555140AB267A827000B06605 /* MoonshootVers_2App.swift */ = {isa = PBXFileReference; lastKnownFileType = sourcecode.swift; path = MoonshootVers_2App.swift; sourceTree = "<group>"; };
		555140AD267A827000B06605 /* ContentView.swift */ = {isa = PBXFileReference; lastKnownFileType = sourcecode.swift; path = ContentView.swift; sourceTree = "<group>"; };
		555140AF267A827400B06605 /* Assets.xcassets */ = {isa = PBXFileReference; lastKnownFileType = folder.assetcatalog; path = Assets.xcassets; sourceTree = "<group>"; };
		555140B2267A827400B06605 /* Preview Assets.xcassets */ = {isa = PBXFileReference; lastKnownFileType = folder.assetcatalog; path = "Preview Assets.xcassets"; sourceTree = "<group>"; };
		555140B4267A827400B06605 /* Info.plist */ = {isa = PBXFileReference; lastKnownFileType = text.plist.xml; path = Info.plist; sourceTree = "<group>"; };
		555140BB267A82B200B06605 /* astronauts.json */ = {isa = PBXFileReference; fileEncoding = 4; lastKnownFileType = text.json; path = astronauts.json; sourceTree = "<group>"; };
		555140BE267A82CB00B06605 /* missions.json */ = {isa = PBXFileReference; fileEncoding = 4; lastKnownFileType = text.json; path = missions.json; sourceTree = "<group>"; };
		555140C1267A82DF00B06605 /* Astronauts.swift */ = {isa = PBXFileReference; lastKnownFileType = sourcecode.swift; path = Astronauts.swift; sourceTree = "<group>"; };
		555140C4267A82FE00B06605 /* Bundle-Decodable.swift */ = {isa = PBXFileReference; lastKnownFileType = sourcecode.swift; path = "Bundle-Decodable.swift"; sourceTree = "<group>"; };
		555140C7267A836700B06605 /* Mission.swift */ = {isa = PBXFileReference; lastKnownFileType = sourcecode.swift; path = Mission.swift; sourceTree = "<group>"; };
		555140CA267BBA5600B06605 /* MissionView.swift */ = {isa = PBXFileReference; lastKnownFileType = sourcecode.swift; path = MissionView.swift; sourceTree = "<group>"; };
		555140CD267BC7A400B06605 /* AstronautsView.swift */ = {isa = PBXFileReference; lastKnownFileType = sourcecode.swift; path = AstronautsView.swift; sourceTree = "<group>"; };
		555140D0267DEC6F00B06605 /* Missions.swift */ = {isa = PBXFileReference; lastKnownFileType = sourcecode.swift; path = Missions.swift; sourceTree = "<group>"; };
		555140D3267DED6C00B06605 /* Astronaut.swift */ = {isa = PBXFileReference; lastKnownFileType = sourcecode.swift; path = Astronaut.swift; sourceTree = "<group>"; };
/* End PBXFileReference section */

/* Begin PBXFrameworksBuildPhase section */
		555140A5267A827000B06605 /* Frameworks */ = {
			isa = PBXFrameworksBuildPhase;
			buildActionMask = 2147483647;
			files = (
			);
			runOnlyForDeploymentPostprocessing = 0;
		};
/* End PBXFrameworksBuildPhase section */

/* Begin PBXGroup section */
		5551409F267A827000B06605 = {
			isa = PBXGroup;
			children = (
				555140AA267A827000B06605 /* MoonshootVers.2 */,
				555140A9267A827000B06605 /* Products */,
			);
			sourceTree = "<group>";
		};
		555140A9267A827000B06605 /* Products */ = {
			isa = PBXGroup;
			children = (
				555140A8267A827000B06605 /* MoonshootVers.2.app */,
			);
			name = Products;
			sourceTree = "<group>";
		};
		555140AA267A827000B06605 /* MoonshootVers.2 */ = {
			isa = PBXGroup;
			children = (
				555140AB267A827000B06605 /* MoonshootVers_2App.swift */,
				555140AD267A827000B06605 /* ContentView.swift */,
				555140AF267A827400B06605 /* Assets.xcassets */,
				555140C1267A82DF00B06605 /* Astronauts.swift */,
				555140C7267A836700B06605 /* Mission.swift */,
				555140D3267DED6C00B06605 /* Astronaut.swift */,
				555140D0267DEC6F00B06605 /* Missions.swift */,
				555140CD267BC7A400B06605 /* AstronautsView.swift */,
				555140CA267BBA5600B06605 /* MissionView.swift */,
				555140C4267A82FE00B06605 /* Bundle-Decodable.swift */,
				555140BB267A82B200B06605 /* astronauts.json */,
				555140BE267A82CB00B06605 /* missions.json */,
				555140B4267A827400B06605 /* Info.plist */,
				555140B1267A827400B06605 /* Preview Content */,
			);
			path = MoonshootVers.2;
			sourceTree = "<group>";
		};
		555140B1267A827400B06605 /* Preview Content */ = {
			isa = PBXGroup;
			children = (
				555140B2267A827400B06605 /* Preview Assets.xcassets */,
			);
			path = "Preview Content";
			sourceTree = "<group>";
		};
/* End PBXGroup section */

/* Begin PBXNativeTarget section */
		555140A7267A827000B06605 /* MoonshootVers.2 */ = {
			isa = PBXNativeTarget;
			buildConfigurationList = 555140B7267A827400B06605 /* Build configuration list for PBXNativeTarget "MoonshootVers.2" */;
			buildPhases = (
				555140A4267A827000B06605 /* Sources */,
				555140A5267A827000B06605 /* Frameworks */,
				555140A6267A827000B06605 /* Resources */,
			);
			buildRules = (
			);
			dependencies = (
			);
			name = MoonshootVers.2;
			productName = MoonshootVers.2;
			productReference = 555140A8267A827000B06605 /* MoonshootVers.2.app */;
			productType = "com.apple.product-type.application";
		};
/* End PBXNativeTarget section */

/* Begin PBXProject section */
		555140A0267A827000B06605 /* Project object */ = {
			isa = PBXProject;
			attributes = {
				LastSwiftUpdateCheck = 1210;
				LastUpgradeCheck = 1210;
				TargetAttributes = {
					555140A7267A827000B06605 = {
						CreatedOnToolsVersion = 12.1;
					};
				};
			};
			buildConfigurationList = 555140A3267A827000B06605 /* Build configuration list for PBXProject "MoonshootVers.2" */;
			compatibilityVersion = "Xcode 9.3";
			developmentRegion = en;
			hasScannedForEncodings = 0;
			knownRegions = (
				en,
				Base,
			);
			mainGroup = 5551409F267A827000B06605;
			productRefGroup = 555140A9267A827000B06605 /* Products */;
			projectDirPath = "";
			projectRoot = "";
			targets = (
				555140A7267A827000B06605 /* MoonshootVers.2 */,
			);
		};
/* End PBXProject section */

/* Begin PBXResourcesBuildPhase section */
		555140A6267A827000B06605 /* Resources */ = {
			isa = PBXResourcesBuildPhase;
			buildActionMask = 2147483647;
			files = (
				555140BC267A82B200B06605 /* astronauts.json in Resources */,
				555140B3267A827400B06605 /* Preview Assets.xcassets in Resources */,
				555140BF267A82CB00B06605 /* missions.json in Resources */,
				555140B0267A827400B06605 /* Assets.xcassets in Resources */,
			);
			runOnlyForDeploymentPostprocessing = 0;
		};
/* End PBXResourcesBuildPhase section */

/* Begin PBXSourcesBuildPhase section */
		555140A4267A827000B06605 /* Sources */ = {
			isa = PBXSourcesBuildPhase;
			buildActionMask = 2147483647;
			files = (
				555140D4267DED6C00B06605 /* Astronaut.swift in Sources */,
				555140AE267A827000B06605 /* ContentView.swift in Sources */,
				555140C2267A82DF00B06605 /* Astronauts.swift in Sources */,
				555140AC267A827000B06605 /* MoonshootVers_2App.swift in Sources */,
				555140C8267A836700B06605 /* Mission.swift in Sources */,
				555140CE267BC7A400B06605 /* AstronautsView.swift in Sources */,
				555140C5267A82FE00B06605 /* Bundle-Decodable.swift in Sources */,
				555140D1267DEC6F00B06605 /* Missions.swift in Sources */,
				555140CB267BBA5600B06605 /* MissionView.swift in Sources */,
			);
			runOnlyForDeploymentPostprocessing = 0;
		};
/* End PBXSourcesBuildPhase section */

/* Begin XCBuildConfiguration section */
		555140B5267A827400B06605 /* Debug */ = {
			isa = XCBuildConfiguration;
			buildSettings = {
				ALWAYS_SEARCH_USER_PATHS = NO;
				CLANG_ANALYZER_NONNULL = YES;
				CLANG_ANALYZER_NUMBER_OBJECT_CONVERSION = YES_AGGRESSIVE;
				CLANG_CXX_LANGUAGE_STANDARD = "gnu++14";
				CLANG_CXX_LIBRARY = "libc++";
				CLANG_ENABLE_MODULES = YES;
				CLANG_ENABLE_OBJC_ARC = YES;
				CLANG_ENABLE_OBJC_WEAK = YES;
				CLANG_WARN_BLOCK_CAPTURE_AUTORELEASING = YES;
				CLANG_WARN_BOOL_CONVERSION = YES;
				CLANG_WARN_COMMA = YES;
				CLANG_WARN_CONSTANT_CONVERSION = YES;
				CLANG_WARN_DEPRECATED_OBJC_IMPLEMENTATIONS = YES;
				CLANG_WARN_DIRECT_OBJC_ISA_USAGE = YES_ERROR;
				CLANG_WARN_DOCUMENTATION_COMMENTS = YES;
				CLANG_WARN_EMPTY_BODY = YES;
				CLANG_WARN_ENUM_CONVERSION = YES;
				CLANG_WARN_INFINITE_RECURSION = YES;
				CLANG_WARN_INT_CONVERSION = YES;
				CLANG_WARN_NON_LITERAL_NULL_CONVERSION = YES;
				CLANG_WARN_OBJC_IMPLICIT_RETAIN_SELF = YES;
				CLANG_WARN_OBJC_LITERAL_CONVERSION = YES;
				CLANG_WARN_OBJC_ROOT_CLASS = YES_ERROR;
				CLANG_WARN_QUOTED_INCLUDE_IN_FRAMEWORK_HEADER = YES;
				CLANG_WARN_RANGE_LOOP_ANALYSIS = YES;
				CLANG_WARN_STRICT_PROTOTYPES = YES;
				CLANG_WARN_SUSPICIOUS_MOVE = YES;
				CLANG_WARN_UNGUARDED_AVAILABILITY = YES_AGGRESSIVE;
				CLANG_WARN_UNREACHABLE_CODE = YES;
				CLANG_WARN__DUPLICATE_METHOD_MATCH = YES;
				COPY_PHASE_STRIP = NO;
				DEBUG_INFORMATION_FORMAT = dwarf;
				ENABLE_STRICT_OBJC_MSGSEND = YES;
				ENABLE_TESTABILITY = YES;
				GCC_C_LANGUAGE_STANDARD = gnu11;
				GCC_DYNAMIC_NO_PIC = NO;
				GCC_NO_COMMON_BLOCKS = YES;
				GCC_OPTIMIZATION_LEVEL = 0;
				GCC_PREPROCESSOR_DEFINITIONS = (
					"DEBUG=1",
					"$(inherited)",
				);
				GCC_WARN_64_TO_32_BIT_CONVERSION = YES;
				GCC_WARN_ABOUT_RETURN_TYPE = YES_ERROR;
				GCC_WARN_UNDECLARED_SELECTOR = YES;
				GCC_WARN_UNINITIALIZED_AUTOS = YES_AGGRESSIVE;
				GCC_WARN_UNUSED_FUNCTION = YES;
				GCC_WARN_UNUSED_VARIABLE = YES;
				IPHONEOS_DEPLOYMENT_TARGET = 14.1;
				MTL_ENABLE_DEBUG_INFO = INCLUDE_SOURCE;
				MTL_FAST_MATH = YES;
				ONLY_ACTIVE_ARCH = YES;
				SDKROOT = iphoneos;
				SWIFT_ACTIVE_COMPILATION_CONDITIONS = DEBUG;
				SWIFT_OPTIMIZATION_LEVEL = "-Onone";
			};
			name = Debug;
		};
		555140B6267A827400B06605 /* Release */ = {
			isa = XCBuildConfiguration;
			buildSettings = {
				ALWAYS_SEARCH_USER_PATHS = NO;
				CLANG_ANALYZER_NONNULL = YES;
				CLANG_ANALYZER_NUMBER_OBJECT_CONVERSION = YES_AGGRESSIVE;
				CLANG_CXX_LANGUAGE_STANDARD = "gnu++14";
				CLANG_CXX_LIBRARY = "libc++";
				CLANG_ENABLE_MODULES = YES;
				CLANG_ENABLE_OBJC_ARC = YES;
				CLANG_ENABLE_OBJC_WEAK = YES;
				CLANG_WARN_BLOCK_CAPTURE_AUTORELEASING = YES;
				CLANG_WARN_BOOL_CONVERSION = YES;
				CLANG_WARN_COMMA = YES;
				CLANG_WARN_CONSTANT_CONVERSION = YES;
				CLANG_WARN_DEPRECATED_OBJC_IMPLEMENTATIONS = YES;
				CLANG_WARN_DIRECT_OBJC_ISA_USAGE = YES_ERROR;
				CLANG_WARN_DOCUMENTATION_COMMENTS = YES;
				CLANG_WARN_EMPTY_BODY = YES;
				CLANG_WARN_ENUM_CONVERSION = YES;
				CLANG_WARN_INFINITE_RECURSION = YES;
				CLANG_WARN_INT_CONVERSION = YES;
				CLANG_WARN_NON_LITERAL_NULL_CONVERSION = YES;
				CLANG_WARN_OBJC_IMPLICIT_RETAIN_SELF = YES;
				CLANG_WARN_OBJC_LITERAL_CONVERSION = YES;
				CLANG_WARN_OBJC_ROOT_CLASS = YES_ERROR;
				CLANG_WARN_QUOTED_INCLUDE_IN_FRAMEWORK_HEADER = YES;
				CLANG_WARN_RANGE_LOOP_ANALYSIS = YES;
				CLANG_WARN_STRICT_PROTOTYPES = YES;
				CLANG_WARN_SUSPICIOUS_MOVE = YES;
				CLANG_WARN_UNGUARDED_AVAILABILITY = YES_AGGRESSIVE;
				CLANG_WARN_UNREACHABLE_CODE = YES;
				CLANG_WARN__DUPLICATE_METHOD_MATCH = YES;
				COPY_PHASE_STRIP = NO;
				DEBUG_INFORMATION_FORMAT = "dwarf-with-dsym";
				ENABLE_NS_ASSERTIONS = NO;
				ENABLE_STRICT_OBJC_MSGSEND = YES;
				GCC_C_LANGUAGE_STANDARD = gnu11;
				GCC_NO_COMMON_BLOCKS = YES;
				GCC_WARN_64_TO_32_BIT_CONVERSION = YES;
				GCC_WARN_ABOUT_RETURN_TYPE = YES_ERROR;
				GCC_WARN_UNDECLARED_SELECTOR = YES;
				GCC_WARN_UNINITIALIZED_AUTOS = YES_AGGRESSIVE;
				GCC_WARN_UNUSED_FUNCTION = YES;
				GCC_WARN_UNUSED_VARIABLE = YES;
				IPHONEOS_DEPLOYMENT_TARGET = 14.1;
				MTL_ENABLE_DEBUG_INFO = NO;
				MTL_FAST_MATH = YES;
				SDKROOT = iphoneos;
				SWIFT_COMPILATION_MODE = wholemodule;
				SWIFT_OPTIMIZATION_LEVEL = "-O";
				VALIDATE_PRODUCT = YES;
			};
			name = Release;
		};
		555140B8267A827400B06605 /* Debug */ = {
			isa = XCBuildConfiguration;
			buildSettings = {
				ASSETCATALOG_COMPILER_APPICON_NAME = AppIcon;
				ASSETCATALOG_COMPILER_GLOBAL_ACCENT_COLOR_NAME = AccentColor;
				CODE_SIGN_STYLE = Automatic;
				DEVELOPMENT_ASSET_PATHS = "\"MoonshootVers.2/Preview Content\"";
				ENABLE_PREVIEWS = YES;
				INFOPLIST_FILE = MoonshootVers.2/Info.plist;
				IPHONEOS_DEPLOYMENT_TARGET = 14.0;
				LD_RUNPATH_SEARCH_PATHS = (
					"$(inherited)",
					"@executable_path/Frameworks",
				);
				PRODUCT_BUNDLE_IDENTIFIER = "elanice.ai.MoonshootVers-2";
				PRODUCT_NAME = "$(TARGET_NAME)";
				SWIFT_VERSION = 5.0;
				TARGETED_DEVICE_FAMILY = "1,2";
			};
			name = Debug;
		};
		555140B9267A827400B06605 /* Release */ = {
			isa = XCBuildConfiguration;
			buildSettings = {
				ASSETCATALOG_COMPILER_APPICON_NAME = AppIcon;
				ASSETCATALOG_COMPILER_GLOBAL_ACCENT_COLOR_NAME = AccentColor;
				CODE_SIGN_STYLE = Automatic;
				DEVELOPMENT_ASSET_PATHS = "\"MoonshootVers.2/Preview Content\"";
				ENABLE_PREVIEWS = YES;
				INFOPLIST_FILE = MoonshootVers.2/Info.plist;
				IPHONEOS_DEPLOYMENT_TARGET = 14.0;
				LD_RUNPATH_SEARCH_PATHS = (
					"$(inherited)",
					"@executable_path/Frameworks",
				);
				PRODUCT_BUNDLE_IDENTIFIER = "elanice.ai.MoonshootVers-2";
				PRODUCT_NAME = "$(TARGET_NAME)";
				SWIFT_VERSION = 5.0;
				TARGETED_DEVICE_FAMILY = "1,2";
			};
			name = Release;
		};
/* End XCBuildConfiguration section */

/* Begin XCConfigurationList section */
		555140A3267A827000B06605 /* Build configuration list for PBXProject "MoonshootVers.2" */ = {
			isa = XCConfigurationList;
			buildConfigurations = (
				555140B5267A827400B06605 /* Debug */,
				555140B6267A827400B06605 /* Release */,
			);
			defaultConfigurationIsVisible = 0;
			defaultConfigurationName = Release;
		};
		555140B7267A827400B06605 /* Build configuration list for PBXNativeTarget "MoonshootVers.2" */ = {
			isa = XCConfigurationList;
			buildConfigurations = (
				555140B8267A827400B06605 /* Debug */,
				555140B9267A827400B06605 /* Release */,
			);
			defaultConfigurationIsVisible = 0;
			defaultConfigurationName = Release;
		};
/* End XCConfigurationList section */
	};
	rootObject = 555140A0267A827000B06605 /* Project object */;
}
